
Microsoft Visual Studio Solution File, Format Version 12.00
# Visual Studio Version 17
VisualStudioVersion = 17.4.33122.133
MinimumVisualStudioVersion = 10.0.40219.1
Project("{FAE04EC0-301F-11D3-BF4B-00C04F79EFBC}") = "SeparatorIntoGroup", "SeparatorIntoGroup\SeparatorIntoGroup.csproj", "{A5CB173B-7940-4B40-A20E-F295F2DE970D}"
EndProject
Global
	GlobalSection(SolutionConfigurationPlatforms) = preSolution
		Debug|Any CPU = Debug|Any CPU
		Release|Any CPU = Release|Any CPU
	EndGlobalSection
	GlobalSection(ProjectConfigurationPlatforms) = postSolution
		{A5CB173B-7940-4B40-A20E-F295F2DE970D}.Debug|Any CPU.ActiveCfg = Debug|Any CPU
		{A5CB173B-7940-4B40-A20E-F295F2DE970D}.Debug|Any CPU.Build.0 = Debug|Any CPU
		{A5CB173B-7940-4B40-A20E-F295F2DE970D}.Release|Any CPU.ActiveCfg = Release|Any CPU
		{A5CB173B-7940-4B40-A20E-F295F2DE970D}.Release|Any CPU.Build.0 = Release|Any CPU
	EndGlobalSection
	GlobalSection(SolutionProperties) = preSolution
		HideSolutionNode = FALSE
	EndGlobalSection
	GlobalSection(ExtensibilityGlobals) = postSolution
		SolutionGuid = {F2C3E504-8452-4DB9-A4F5-15E229C57D3D}
	EndGlobalSection
EndGlobal
